
Microsoft Visual Studio Solution File, Format Version 12.00
# Visual Studio Version 17
VisualStudioVersion = 17.2.32616.157
MinimumVisualStudioVersion = 10.0.40219.1
Project("{FAE04EC0-301F-11D3-BF4B-00C04F79EFBC}") = "TabloBlazorMain.Server", "TabloBlazorMain\Server\TabloBlazorMain.Server.csproj", "{09161A0D-F64B-43EC-A320-7A37DF3793E6}"
EndProject
Project("{FAE04EC0-301F-11D3-BF4B-00C04F79EFBC}") = "TabloBlazorMain.Client", "TabloBlazorMain\Client\TabloBlazorMain.Client.csproj", "{C8C88B1D-DC24-48EE-BC12-228A4DA8BB2D}"
EndProject
Project("{FAE04EC0-301F-11D3-BF4B-00C04F79EFBC}") = "TabloBlazorMain.Shared", "TabloBlazorMain\Shared\TabloBlazorMain.Shared.csproj", "{F3870E7D-157C-4C5C-B935-AA1AD6F69A67}"
EndProject
Global
	GlobalSection(SolutionConfigurationPlatforms) = preSolution
		Debug|Any CPU = Debug|Any CPU
		Release|Any CPU = Release|Any CPU
	EndGlobalSection
	GlobalSection(ProjectConfigurationPlatforms) = postSolution
		{09161A0D-F64B-43EC-A320-7A37DF3793E6}.Debug|Any CPU.ActiveCfg = Debug|Any CPU
		{09161A0D-F64B-43EC-A320-7A37DF3793E6}.Debug|Any CPU.Build.0 = Debug|Any CPU
		{09161A0D-F64B-43EC-A320-7A37DF3793E6}.Release|Any CPU.ActiveCfg = Release|Any CPU
		{09161A0D-F64B-43EC-A320-7A37DF3793E6}.Release|Any CPU.Build.0 = Release|Any CPU
		{C8C88B1D-DC24-48EE-BC12-228A4DA8BB2D}.Debug|Any CPU.ActiveCfg = Debug|Any CPU
		{C8C88B1D-DC24-48EE-BC12-228A4DA8BB2D}.Debug|Any CPU.Build.0 = Debug|Any CPU
		{C8C88B1D-DC24-48EE-BC12-228A4DA8BB2D}.Release|Any CPU.ActiveCfg = Release|Any CPU
		{C8C88B1D-DC24-48EE-BC12-228A4DA8BB2D}.Release|Any CPU.Build.0 = Release|Any CPU
		{F3870E7D-157C-4C5C-B935-AA1AD6F69A67}.Debug|Any CPU.ActiveCfg = Debug|Any CPU
		{F3870E7D-157C-4C5C-B935-AA1AD6F69A67}.Debug|Any CPU.Build.0 = Debug|Any CPU
		{F3870E7D-157C-4C5C-B935-AA1AD6F69A67}.Release|Any CPU.ActiveCfg = Release|Any CPU
		{F3870E7D-157C-4C5C-B935-AA1AD6F69A67}.Release|Any CPU.Build.0 = Release|Any CPU
	EndGlobalSection
	GlobalSection(SolutionProperties) = preSolution
		HideSolutionNode = FALSE
	EndGlobalSection
	GlobalSection(ExtensibilityGlobals) = postSolution
		SolutionGuid = {2C35201F-C438-43D1-92E8-DF43987ECD78}
	EndGlobalSection
EndGlobal
